PODS:
  - MCWalletKit (0.1.1):
    - RealmSwift
  - Realm (3.7.6):
    - Realm/Headers (= 3.7.6)
  - Realm/Headers (3.7.6)
  - RealmSwift (3.7.6):
    - Realm (= 3.7.6)

DEPENDENCIES:
  - MCWalletKit (from `../`)

SPEC REPOS:
  https://github.com/cocoapods/specs.git:
    - Realm
    - RealmSwift

EXTERNAL SOURCES:
  MCWalletKit:
    :path: "../"

SPEC CHECKSUMS:
  MCWalletKit: f5ce887b47f2d709d70ea37b21535f27dbf42f7c
  Realm: 9eaecad54712d6246d08ba34c10f354e4715d7d3
  RealmSwift: 1fe08b4ebaeeaacf17f9ba0343f7b25c9fc31fa6

PODFILE CHECKSUM: db05c7d3085d364f00f26d37ee1035795f742170

COCOAPODS: 1.5.3
